
Microsoft Visual Studio Solution File, Format Version 12.00
# Visual Studio 15
VisualStudioVersion = 15.0.28010.2026
MinimumVisualStudioVersion = 10.0.40219.1
Project("{FAE04EC0-301F-11D3-BF4B-00C04F79EFBC}") = "DataGridDemo.Android", "DataGridDemo\DataGridDemo.Android\DataGridDemo.Android.csproj", "{EBB28309-4401-4E36-BFBD-28C05D151735}"
EndProject
Project("{FAE04EC0-301F-11D3-BF4B-00C04F79EFBC}") = "DataGridDemo.iOS", "DataGridDemo\DataGridDemo.iOS\DataGridDemo.iOS.csproj", "{9B1C80C2-13E2-4A58-B5E7-E2DC072AB2E0}"
EndProject
Project("{9A19103F-16F7-4668-BE54-9A1E7A4F7556}") = "DataGridDemo", "DataGridDemo\DataGridDemo\DataGridDemo.csproj", "{4A37E970-37EA-4BA4-B1EB-491F254FAAC7}"
EndProject
Project("{FAE04EC0-301F-11D3-BF4B-00C04F79EFBC}") = "DataGridDemo.UWP", "DataGridDemo\DataGridDemo.UWP\DataGridDemo.UWP.csproj", "{FFFA71C1-9028-4AC5-86F4-A3F09C752F47}"
EndProject
Global
	GlobalSection(SolutionConfigurationPlatforms) = preSolution
		Ad-Hoc|Any CPU = Ad-Hoc|Any CPU
		Ad-Hoc|ARM = Ad-Hoc|ARM
		Ad-Hoc|iPhone = Ad-Hoc|iPhone
		Ad-Hoc|iPhoneSimulator = Ad-Hoc|iPhoneSimulator
		Ad-Hoc|x64 = Ad-Hoc|x64
		Ad-Hoc|x86 = Ad-Hoc|x86
		AppStore|Any CPU = AppStore|Any CPU
		AppStore|ARM = AppStore|ARM
		AppStore|iPhone = AppStore|iPhone
		AppStore|iPhoneSimulator = AppStore|iPhoneSimulator
		AppStore|x64 = AppStore|x64
		AppStore|x86 = AppStore|x86
		Debug|Any CPU = Debug|Any CPU
		Debug|ARM = Debug|ARM
		Debug|iPhone = Debug|iPhone
		Debug|iPhoneSimulator = Debug|iPhoneSimulator
		Debug|x64 = Debug|x64
		Debug|x86 = Debug|x86
		Release|Any CPU = Release|Any CPU
		Release|ARM = Release|ARM
		Release|iPhone = Release|iPhone
		Release|iPhoneSimulator = Release|iPhoneSimulator
		Release|x64 = Release|x64
		Release|x86 = Release|x86
		Release-xml|Any CPU = Release-xml|Any CPU
		Release-xml|ARM = Release-xml|ARM
		Release-xml|iPhone = Release-xml|iPhone
		Release-xml|iPhoneSimulator = Release-xml|iPhoneSimulator
		Release-xml|x64 = Release-xml|x64
		Release-xml|x86 = Release-xml|x86
	EndGlobalSection
	GlobalSection(ProjectConfigurationPlatforms) = postSolution
		{EBB28309-4401-4E36-BFBD-28C05D151735}.Ad-Hoc|Any CPU.ActiveCfg = Release|Any CPU
		{EBB28309-4401-4E36-BFBD-28C05D151735}.Ad-Hoc|Any CPU.Build.0 = Release|Any CPU
		{EBB28309-4401-4E36-BFBD-28C05D151735}.Ad-Hoc|Any CPU.Deploy.0 = Release|Any CPU
		{EBB28309-4401-4E36-BFBD-28C05D151735}.Ad-Hoc|ARM.ActiveCfg = Release|Any CPU
		{EBB28309-4401-4E36-BFBD-28C05D151735}.Ad-Hoc|ARM.Build.0 = Release|Any CPU
		{EBB28309-4401-4E36-BFBD-28C05D151735}.Ad-Hoc|ARM.Deploy.0 = Release|Any CPU
		{EBB28309-4401-4E36-BFBD-28C05D151735}.Ad-Hoc|iPhone.ActiveCfg = Release|Any CPU
		{EBB28309-4401-4E36-BFBD-28C05D151735}.Ad-Hoc|iPhone.Build.0 = Release|Any CPU
		{EBB28309-4401-4E36-BFBD-28C05D151735}.Ad-Hoc|iPhone.Deploy.0 = Release|Any CPU
		{EBB28309-4401-4E36-BFBD-28C05D151735}.Ad-Hoc|iPhoneSimulator.ActiveCfg = Release|Any CPU
		{EBB28309-4401-4E36-BFBD-28C05D151735}.Ad-Hoc|iPhoneSimulator.Build.0 = Release|Any CPU
		{EBB28309-4401-4E36-BFBD-28C05D151735}.Ad-Hoc|iPhoneSimulator.Deploy.0 = Release|Any CPU
		{EBB28309-4401-4E36-BFBD-28C05D151735}.Ad-Hoc|x64.ActiveCfg = Release|Any CPU
		{EBB28309-4401-4E36-BFBD-28C05D151735}.Ad-Hoc|x64.Build.0 = Release|Any CPU
		{EBB28309-4401-4E36-BFBD-28C05D151735}.Ad-Hoc|x64.Deploy.0 = Release|Any CPU
		{EBB28309-4401-4E36-BFBD-28C05D151735}.Ad-Hoc|x86.ActiveCfg = Release|Any CPU
		{EBB28309-4401-4E36-BFBD-28C05D151735}.Ad-Hoc|x86.Build.0 = Release|Any CPU
		{EBB28309-4401-4E36-BFBD-28C05D151735}.Ad-Hoc|x86.Deploy.0 = Release|Any CPU
		{EBB28309-4401-4E36-BFBD-28C05D151735}.AppStore|Any CPU.ActiveCfg = Release|Any CPU
		{EBB28309-4401-4E36-BFBD-28C05D151735}.AppStore|Any CPU.Build.0 = Release|Any CPU
		{EBB28309-4401-4E36-BFBD-28C05D151735}.AppStore|Any CPU.Deploy.0 = Release|Any CPU
		{EBB28309-4401-4E36-BFBD-28C05D151735}.AppStore|ARM.ActiveCfg = Release|Any CPU
		{EBB28309-4401-4E36-BFBD-28C05D151735}.AppStore|ARM.Build.0 = Release|Any CPU
		{EBB28309-4401-4E36-BFBD-28C05D151735}.AppStore|ARM.Deploy.0 = Release|Any CPU
		{EBB28309-4401-4E36-BFBD-28C05D151735}.AppStore|iPhone.ActiveCfg = Release|Any CPU
		{EBB28309-4401-4E36-BFBD-28C05D151735}.AppStore|iPhone.Build.0 = Release|Any CPU
		{EBB28309-4401-4E36-BFBD-28C05D151735}.AppStore|iPhone.Deploy.0 = Release|Any CPU
		{EBB28309-4401-4E36-BFBD-28C05D151735}.AppStore|iPhoneSimulator.ActiveCfg = Release|Any CPU
		{EBB28309-4401-4E36-BFBD-28C05D151735}.AppStore|iPhoneSimulator.Build.0 = Release|Any CPU
		{EBB28309-4401-4E36-BFBD-28C05D151735}.AppStore|iPhoneSimulator.Deploy.0 = Release|Any CPU
		{EBB28309-4401-4E36-BFBD-28C05D151735}.AppStore|x64.ActiveCfg = Release|Any CPU
		{EBB28309-4401-4E36-BFBD-28C05D151735}.AppStore|x64.Build.0 = Release|Any CPU
		{EBB28309-4401-4E36-BFBD-28C05D151735}.AppStore|x64.Deploy.0 = Release|Any CPU
		{EBB28309-4401-4E36-BFBD-28C05D151735}.AppStore|x86.ActiveCfg = Release|Any CPU
		{EBB28309-4401-4E36-BFBD-28C05D151735}.AppStore|x86.Build.0 = Release|Any CPU
		{EBB28309-4401-4E36-BFBD-28C05D151735}.AppStore|x86.Deploy.0 = Release|Any CPU
		{EBB28309-4401-4E36-BFBD-28C05D151735}.Debug|Any CPU.ActiveCfg = Debug|Any CPU
		{EBB28309-4401-4E36-BFBD-28C05D151735}.Debug|Any CPU.Build.0 = Debug|Any CPU
		{EBB28309-4401-4E36-BFBD-28C05D151735}.Debug|Any CPU.Deploy.0 = Debug|Any CPU
		{EBB28309-4401-4E36-BFBD-28C05D151735}.Debug|ARM.ActiveCfg = Debug|Any CPU
		{EBB28309-4401-4E36-BFBD-28C05D151735}.Debug|ARM.Build.0 = Debug|Any CPU
		{EBB28309-4401-4E36-BFBD-28C05D151735}.Debug|ARM.Deploy.0 = Debug|Any CPU
		{EBB28309-4401-4E36-BFBD-28C05D151735}.Debug|iPhone.ActiveCfg = Debug|Any CPU
		{EBB28309-4401-4E36-BFBD-28C05D151735}.Debug|iPhone.Build.0 = Debug|Any CPU
		{EBB28309-4401-4E36-BFBD-28C05D151735}.Debug|iPhone.Deploy.0 = Debug|Any CPU
		{EBB28309-4401-4E36-BFBD-28C05D151735}.Debug|iPhoneSimulator.ActiveCfg = Debug|Any CPU
		{EBB28309-4401-4E36-BFBD-28C05D151735}.Debug|iPhoneSimulator.Build.0 = Debug|Any CPU
		{EBB28309-4401-4E36-BFBD-28C05D151735}.Debug|iPhoneSimulator.Deploy.0 = Debug|Any CPU
		{EBB28309-4401-4E36-BFBD-28C05D151735}.Debug|x64.ActiveCfg = Debug|Any CPU
		{EBB28309-4401-4E36-BFBD-28C05D151735}.Debug|x64.Build.0 = Debug|Any CPU
		{EBB28309-4401-4E36-BFBD-28C05D151735}.Debug|x64.Deploy.0 = Debug|Any CPU
		{EBB28309-4401-4E36-BFBD-28C05D151735}.Debug|x86.ActiveCfg = Debug|Any CPU
		{EBB28309-4401-4E36-BFBD-28C05D151735}.Debug|x86.Build.0 = Debug|Any CPU
		{EBB28309-4401-4E36-BFBD-28C05D151735}.Debug|x86.Deploy.0 = Debug|Any CPU
		{EBB28309-4401-4E36-BFBD-28C05D151735}.Release|Any CPU.ActiveCfg = Release|Any CPU
		{EBB28309-4401-4E36-BFBD-28C05D151735}.Release|Any CPU.Build.0 = Release|Any CPU
		{EBB28309-4401-4E36-BFBD-28C05D151735}.Release|Any CPU.Deploy.0 = Release|Any CPU
		{EBB28309-4401-4E36-BFBD-28C05D151735}.Release|ARM.ActiveCfg = Release|Any CPU
		{EBB28309-4401-4E36-BFBD-28C05D151735}.Release|ARM.Build.0 = Release|Any CPU
		{EBB28309-4401-4E36-BFBD-28C05D151735}.Release|ARM.Deploy.0 = Release|Any CPU
		{EBB28309-4401-4E36-BFBD-28C05D151735}.Release|iPhone.ActiveCfg = Release|Any CPU
		{EBB28309-4401-4E36-BFBD-28C05D151735}.Release|iPhone.Build.0 = Release|Any CPU
		{EBB28309-4401-4E36-BFBD-28C05D151735}.Release|iPhone.Deploy.0 = Release|Any CPU
		{EBB28309-4401-4E36-BFBD-28C05D151735}.Release|iPhoneSimulator.ActiveCfg = Release|Any CPU
		{EBB28309-4401-4E36-BFBD-28C05D151735}.Release|iPhoneSimulator.Build.0 = Release|Any CPU
		{EBB28309-4401-4E36-BFBD-28C05D151735}.Release|iPhoneSimulator.Deploy.0 = Release|Any CPU
		{EBB28309-4401-4E36-BFBD-28C05D151735}.Release|x64.ActiveCfg = Release|Any CPU
		{EBB28309-4401-4E36-BFBD-28C05D151735}.Release|x64.Build.0 = Release|Any CPU
		{EBB28309-4401-4E36-BFBD-28C05D151735}.Release|x64.Deploy.0 = Release|Any CPU
		{EBB28309-4401-4E36-BFBD-28C05D151735}.Release|x86.ActiveCfg = Release|Any CPU
		{EBB28309-4401-4E36-BFBD-28C05D151735}.Release|x86.Build.0 = Release|Any CPU
		{EBB28309-4401-4E36-BFBD-28C05D151735}.Release|x86.Deploy.0 = Release|Any CPU
		{EBB28309-4401-4E36-BFBD-28C05D151735}.Release-xml|Any CPU.ActiveCfg = Release|Any CPU
		{EBB28309-4401-4E36-BFBD-28C05D151735}.Release-xml|Any CPU.Build.0 = Release|Any CPU
		{EBB28309-4401-4E36-BFBD-28C05D151735}.Release-xml|Any CPU.Deploy.0 = Release|Any CPU
		{EBB28309-4401-4E36-BFBD-28C05D151735}.Release-xml|ARM.ActiveCfg = Release|Any CPU
		{EBB28309-4401-4E36-BFBD-28C05D151735}.Release-xml|ARM.Build.0 = Release|Any CPU
		{EBB28309-4401-4E36-BFBD-28C05D151735}.Release-xml|ARM.Deploy.0 = Release|Any CPU
		{EBB28309-4401-4E36-BFBD-28C05D151735}.Release-xml|iPhone.ActiveCfg = Release|Any CPU
		{EBB28309-4401-4E36-BFBD-28C05D151735}.Release-xml|iPhone.Build.0 = Release|Any CPU
		{EBB28309-4401-4E36-BFBD-28C05D151735}.Release-xml|iPhone.Deploy.0 = Release|Any CPU
		{EBB28309-4401-4E36-BFBD-28C05D151735}.Release-xml|iPhoneSimulator.ActiveCfg = Release|Any CPU
		{EBB28309-4401-4E36-BFBD-28C05D151735}.Release-xml|iPhoneSimulator.Build.0 = Release|Any CPU
		{EBB28309-4401-4E36-BFBD-28C05D151735}.Release-xml|iPhoneSimulator.Deploy.0 = Release|Any CPU
		{EBB28309-4401-4E36-BFBD-28C05D151735}.Release-xml|x64.ActiveCfg = Release|Any CPU
		{EBB28309-4401-4E36-BFBD-28C05D151735}.Release-xml|x64.Build.0 = Release|Any CPU
		{EBB28309-4401-4E36-BFBD-28C05D151735}.Release-xml|x64.Deploy.0 = Release|Any CPU
		{EBB28309-4401-4E36-BFBD-28C05D151735}.Release-xml|x86.ActiveCfg = Release|Any CPU
		{EBB28309-4401-4E36-BFBD-28C05D151735}.Release-xml|x86.Build.0 = Release|Any CPU
		{EBB28309-4401-4E36-BFBD-28C05D151735}.Release-xml|x86.Deploy.0 = Release|Any CPU
		{9B1C80C2-13E2-4A58-B5E7-E2DC072AB2E0}.Ad-Hoc|Any CPU.ActiveCfg = Ad-Hoc|iPhone
		{9B1C80C2-13E2-4A58-B5E7-E2DC072AB2E0}.Ad-Hoc|Any CPU.Build.0 = Ad-Hoc|iPhone
		{9B1C80C2-13E2-4A58-B5E7-E2DC072AB2E0}.Ad-Hoc|Any CPU.Deploy.0 = Ad-Hoc|iPhone
		{9B1C80C2-13E2-4A58-B5E7-E2DC072AB2E0}.Ad-Hoc|ARM.ActiveCfg = Ad-Hoc|iPhone
		{9B1C80C2-13E2-4A58-B5E7-E2DC072AB2E0}.Ad-Hoc|ARM.Build.0 = Ad-Hoc|iPhone
		{9B1C80C2-13E2-4A58-B5E7-E2DC072AB2E0}.Ad-Hoc|ARM.Deploy.0 = Ad-Hoc|iPhone
		{9B1C80C2-13E2-4A58-B5E7-E2DC072AB2E0}.Ad-Hoc|iPhone.ActiveCfg = Ad-Hoc|iPhone
		{9B1C80C2-13E2-4A58-B5E7-E2DC072AB2E0}.Ad-Hoc|iPhone.Build.0 = Ad-Hoc|iPhone
		{9B1C80C2-13E2-4A58-B5E7-E2DC072AB2E0}.Ad-Hoc|iPhone.Deploy.0 = Ad-Hoc|iPhone
		{9B1C80C2-13E2-4A58-B5E7-E2DC072AB2E0}.Ad-Hoc|iPhoneSimulator.ActiveCfg = Ad-Hoc|iPhoneSimulator
		{9B1C80C2-13E2-4A58-B5E7-E2DC072AB2E0}.Ad-Hoc|iPhoneSimulator.Build.0 = Ad-Hoc|iPhoneSimulator
		{9B1C80C2-13E2-4A58-B5E7-E2DC072AB2E0}.Ad-Hoc|iPhoneSimulator.Deploy.0 = Ad-Hoc|iPhoneSimulator
		{9B1C80C2-13E2-4A58-B5E7-E2DC072AB2E0}.Ad-Hoc|x64.ActiveCfg = Ad-Hoc|iPhone
		{9B1C80C2-13E2-4A58-B5E7-E2DC072AB2E0}.Ad-Hoc|x64.Build.0 = Ad-Hoc|iPhone
		{9B1C80C2-13E2-4A58-B5E7-E2DC072AB2E0}.Ad-Hoc|x64.Deploy.0 = Ad-Hoc|iPhone
		{9B1C80C2-13E2-4A58-B5E7-E2DC072AB2E0}.Ad-Hoc|x86.ActiveCfg = Ad-Hoc|iPhone
		{9B1C80C2-13E2-4A58-B5E7-E2DC072AB2E0}.Ad-Hoc|x86.Build.0 = Ad-Hoc|iPhone
		{9B1C80C2-13E2-4A58-B5E7-E2DC072AB2E0}.Ad-Hoc|x86.Deploy.0 = Ad-Hoc|iPhone
		{9B1C80C2-13E2-4A58-B5E7-E2DC072AB2E0}.AppStore|Any CPU.ActiveCfg = AppStore|iPhone
		{9B1C80C2-13E2-4A58-B5E7-E2DC072AB2E0}.AppStore|Any CPU.Build.0 = AppStore|iPhone
		{9B1C80C2-13E2-4A58-B5E7-E2DC072AB2E0}.AppStore|Any CPU.Deploy.0 = AppStore|iPhone
		{9B1C80C2-13E2-4A58-B5E7-E2DC072AB2E0}.AppStore|ARM.ActiveCfg = AppStore|iPhone
		{9B1C80C2-13E2-4A58-B5E7-E2DC072AB2E0}.AppStore|ARM.Build.0 = AppStore|iPhone
		{9B1C80C2-13E2-4A58-B5E7-E2DC072AB2E0}.AppStore|ARM.Deploy.0 = AppStore|iPhone
		{9B1C80C2-13E2-4A58-B5E7-E2DC072AB2E0}.AppStore|iPhone.ActiveCfg = AppStore|iPhone
		{9B1C80C2-13E2-4A58-B5E7-E2DC072AB2E0}.AppStore|iPhone.Build.0 = AppStore|iPhone
		{9B1C80C2-13E2-4A58-B5E7-E2DC072AB2E0}.AppStore|iPhone.Deploy.0 = AppStore|iPhone
		{9B1C80C2-13E2-4A58-B5E7-E2DC072AB2E0}.AppStore|iPhoneSimulator.ActiveCfg = AppStore|iPhoneSimulator
		{9B1C80C2-13E2-4A58-B5E7-E2DC072AB2E0}.AppStore|iPhoneSimulator.Build.0 = AppStore|iPhoneSimulator
		{9B1C80C2-13E2-4A58-B5E7-E2DC072AB2E0}.AppStore|iPhoneSimulator.Deploy.0 = AppStore|iPhoneSimulator
		{9B1C80C2-13E2-4A58-B5E7-E2DC072AB2E0}.AppStore|x64.ActiveCfg = AppStore|iPhone
		{9B1C80C2-13E2-4A58-B5E7-E2DC072AB2E0}.AppStore|x64.Build.0 = AppStore|iPhone
		{9B1C80C2-13E2-4A58-B5E7-E2DC072AB2E0}.AppStore|x64.Deploy.0 = AppStore|iPhone
		{9B1C80C2-13E2-4A58-B5E7-E2DC072AB2E0}.AppStore|x86.ActiveCfg = AppStore|iPhone
		{9B1C80C2-13E2-4A58-B5E7-E2DC072AB2E0}.AppStore|x86.Build.0 = AppStore|iPhone
		{9B1C80C2-13E2-4A58-B5E7-E2DC072AB2E0}.AppStore|x86.Deploy.0 = AppStore|iPhone
		{9B1C80C2-13E2-4A58-B5E7-E2DC072AB2E0}.Debug|Any CPU.ActiveCfg = Debug|iPhoneSimulator
		{9B1C80C2-13E2-4A58-B5E7-E2DC072AB2E0}.Debug|Any CPU.Build.0 = Debug|iPhoneSimulator
		{9B1C80C2-13E2-4A58-B5E7-E2DC072AB2E0}.Debug|Any CPU.Deploy.0 = Debug|iPhoneSimulator
		{9B1C80C2-13E2-4A58-B5E7-E2DC072AB2E0}.Debug|ARM.ActiveCfg = Debug|iPhone
		{9B1C80C2-13E2-4A58-B5E7-E2DC072AB2E0}.Debug|ARM.Build.0 = Debug|iPhone
		{9B1C80C2-13E2-4A58-B5E7-E2DC072AB2E0}.Debug|ARM.Deploy.0 = Debug|iPhone
		{9B1C80C2-13E2-4A58-B5E7-E2DC072AB2E0}.Debug|iPhone.ActiveCfg = Debug|iPhone
		{9B1C80C2-13E2-4A58-B5E7-E2DC072AB2E0}.Debug|iPhone.Build.0 = Debug|iPhone
		{9B1C80C2-13E2-4A58-B5E7-E2DC072AB2E0}.Debug|iPhone.Deploy.0 = Debug|iPhone
		{9B1C80C2-13E2-4A58-B5E7-E2DC072AB2E0}.Debug|iPhoneSimulator.ActiveCfg = Debug|iPhoneSimulator
		{9B1C80C2-13E2-4A58-B5E7-E2DC072AB2E0}.Debug|iPhoneSimulator.Build.0 = Debug|iPhoneSimulator
		{9B1C80C2-13E2-4A58-B5E7-E2DC072AB2E0}.Debug|iPhoneSimulator.Deploy.0 = Debug|iPhoneSimulator
		{9B1C80C2-13E2-4A58-B5E7-E2DC072AB2E0}.Debug|x64.ActiveCfg = Debug|iPhone
		{9B1C80C2-13E2-4A58-B5E7-E2DC072AB2E0}.Debug|x64.Build.0 = Debug|iPhone
		{9B1C80C2-13E2-4A58-B5E7-E2DC072AB2E0}.Debug|x64.Deploy.0 = Debug|iPhone
		{9B1C80C2-13E2-4A58-B5E7-E2DC072AB2E0}.Debug|x86.ActiveCfg = Debug|iPhone
		{9B1C80C2-13E2-4A58-B5E7-E2DC072AB2E0}.Debug|x86.Build.0 = Debug|iPhone
		{9B1C80C2-13E2-4A58-B5E7-E2DC072AB2E0}.Debug|x86.Deploy.0 = Debug|iPhone
		{9B1C80C2-13E2-4A58-B5E7-E2DC072AB2E0}.Release|Any CPU.ActiveCfg = Release|iPhone
		{9B1C80C2-13E2-4A58-B5E7-E2DC072AB2E0}.Release|Any CPU.Build.0 = Release|iPhone
		{9B1C80C2-13E2-4A58-B5E7-E2DC072AB2E0}.Release|Any CPU.Deploy.0 = Release|iPhone
		{9B1C80C2-13E2-4A58-B5E7-E2DC072AB2E0}.Release|ARM.ActiveCfg = Release|iPhone
		{9B1C80C2-13E2-4A58-B5E7-E2DC072AB2E0}.Release|ARM.Build.0 = Release|iPhone
		{9B1C80C2-13E2-4A58-B5E7-E2DC072AB2E0}.Release|ARM.Deploy.0 = Release|iPhone
		{9B1C80C2-13E2-4A58-B5E7-E2DC072AB2E0}.Release|iPhone.ActiveCfg = Release|iPhone
		{9B1C80C2-13E2-4A58-B5E7-E2DC072AB2E0}.Release|iPhone.Build.0 = Release|iPhone
		{9B1C80C2-13E2-4A58-B5E7-E2DC072AB2E0}.Release|iPhone.Deploy.0 = Release|iPhone
		{9B1C80C2-13E2-4A58-B5E7-E2DC072AB2E0}.Release|iPhoneSimulator.ActiveCfg = Release|iPhoneSimulator
		{9B1C80C2-13E2-4A58-B5E7-E2DC072AB2E0}.Release|iPhoneSimulator.Build.0 = Release|iPhoneSimulator
		{9B1C80C2-13E2-4A58-B5E7-E2DC072AB2E0}.Release|iPhoneSimulator.Deploy.0 = Release|iPhoneSimulator
		{9B1C80C2-13E2-4A58-B5E7-E2DC072AB2E0}.Release|x64.ActiveCfg = Release|iPhone
		{9B1C80C2-13E2-4A58-B5E7-E2DC072AB2E0}.Release|x64.Build.0 = Release|iPhone
		{9B1C80C2-13E2-4A58-B5E7-E2DC072AB2E0}.Release|x64.Deploy.0 = Release|iPhone
		{9B1C80C2-13E2-4A58-B5E7-E2DC072AB2E0}.Release|x86.ActiveCfg = Release|iPhone
		{9B1C80C2-13E2-4A58-B5E7-E2DC072AB2E0}.Release|x86.Build.0 = Release|iPhone
		{9B1C80C2-13E2-4A58-B5E7-E2DC072AB2E0}.Release|x86.Deploy.0 = Release|iPhone
		{9B1C80C2-13E2-4A58-B5E7-E2DC072AB2E0}.Release-xml|Any CPU.ActiveCfg = Release|iPhoneSimulator
		{9B1C80C2-13E2-4A58-B5E7-E2DC072AB2E0}.Release-xml|Any CPU.Build.0 = Release|iPhoneSimulator
		{9B1C80C2-13E2-4A58-B5E7-E2DC072AB2E0}.Release-xml|ARM.ActiveCfg = Release|iPhoneSimulator
		{9B1C80C2-13E2-4A58-B5E7-E2DC072AB2E0}.Release-xml|ARM.Build.0 = Release|iPhoneSimulator
		{9B1C80C2-13E2-4A58-B5E7-E2DC072AB2E0}.Release-xml|iPhone.ActiveCfg = Release|iPhone
		{9B1C80C2-13E2-4A58-B5E7-E2DC072AB2E0}.Release-xml|iPhone.Build.0 = Release|iPhone
		{9B1C80C2-13E2-4A58-B5E7-E2DC072AB2E0}.Release-xml|iPhoneSimulator.ActiveCfg = Release|iPhoneSimulator
		{9B1C80C2-13E2-4A58-B5E7-E2DC072AB2E0}.Release-xml|iPhoneSimulator.Build.0 = Release|iPhoneSimulator
		{9B1C80C2-13E2-4A58-B5E7-E2DC072AB2E0}.Release-xml|x64.ActiveCfg = Release|iPhoneSimulator
		{9B1C80C2-13E2-4A58-B5E7-E2DC072AB2E0}.Release-xml|x64.Build.0 = Release|iPhoneSimulator
		{9B1C80C2-13E2-4A58-B5E7-E2DC072AB2E0}.Release-xml|x86.ActiveCfg = Release|iPhoneSimulator
		{9B1C80C2-13E2-4A58-B5E7-E2DC072AB2E0}.Release-xml|x86.Build.0 = Release|iPhoneSimulator
		{4A37E970-37EA-4BA4-B1EB-491F254FAAC7}.Ad-Hoc|Any CPU.ActiveCfg = Debug|Any CPU
		{4A37E970-37EA-4BA4-B1EB-491F254FAAC7}.Ad-Hoc|Any CPU.Build.0 = Debug|Any CPU
		{4A37E970-37EA-4BA4-B1EB-491F254FAAC7}.Ad-Hoc|Any CPU.Deploy.0 = Debug|Any CPU
		{4A37E970-37EA-4BA4-B1EB-491F254FAAC7}.Ad-Hoc|ARM.ActiveCfg = Debug|Any CPU
		{4A37E970-37EA-4BA4-B1EB-491F254FAAC7}.Ad-Hoc|ARM.Build.0 = Debug|Any CPU
		{4A37E970-37EA-4BA4-B1EB-491F254FAAC7}.Ad-Hoc|ARM.Deploy.0 = Debug|Any CPU
		{4A37E970-37EA-4BA4-B1EB-491F254FAAC7}.Ad-Hoc|iPhone.ActiveCfg = Debug|Any CPU
		{4A37E970-37EA-4BA4-B1EB-491F254FAAC7}.Ad-Hoc|iPhone.Build.0 = Debug|Any CPU
		{4A37E970-37EA-4BA4-B1EB-491F254FAAC7}.Ad-Hoc|iPhone.Deploy.0 = Debug|Any CPU
		{4A37E970-37EA-4BA4-B1EB-491F254FAAC7}.Ad-Hoc|iPhoneSimulator.ActiveCfg = Debug|Any CPU
		{4A37E970-37EA-4BA4-B1EB-491F254FAAC7}.Ad-Hoc|iPhoneSimulator.Build.0 = Debug|Any CPU
		{4A37E970-37EA-4BA4-B1EB-491F254FAAC7}.Ad-Hoc|iPhoneSimulator.Deploy.0 = Debug|Any CPU
		{4A37E970-37EA-4BA4-B1EB-491F254FAAC7}.Ad-Hoc|x64.ActiveCfg = Debug|Any CPU
		{4A37E970-37EA-4BA4-B1EB-491F254FAAC7}.Ad-Hoc|x64.Build.0 = Debug|Any CPU
		{4A37E970-37EA-4BA4-B1EB-491F254FAAC7}.Ad-Hoc|x64.Deploy.0 = Debug|Any CPU
		{4A37E970-37EA-4BA4-B1EB-491F254FAAC7}.Ad-Hoc|x86.ActiveCfg = Debug|Any CPU
		{4A37E970-37EA-4BA4-B1EB-491F254FAAC7}.Ad-Hoc|x86.Build.0 = Debug|Any CPU
		{4A37E970-37EA-4BA4-B1EB-491F254FAAC7}.Ad-Hoc|x86.Deploy.0 = Debug|Any CPU
		{4A37E970-37EA-4BA4-B1EB-491F254FAAC7}.AppStore|Any CPU.ActiveCfg = Debug|Any CPU
		{4A37E970-37EA-4BA4-B1EB-491F254FAAC7}.AppStore|Any CPU.Build.0 = Debug|Any CPU
		{4A37E970-37EA-4BA4-B1EB-491F254FAAC7}.AppStore|Any CPU.Deploy.0 = Debug|Any CPU
		{4A37E970-37EA-4BA4-B1EB-491F254FAAC7}.AppStore|ARM.ActiveCfg = Debug|Any CPU
		{4A37E970-37EA-4BA4-B1EB-491F254FAAC7}.AppStore|ARM.Build.0 = Debug|Any CPU
		{4A37E970-37EA-4BA4-B1EB-491F254FAAC7}.AppStore|ARM.Deploy.0 = Debug|Any CPU
		{4A37E970-37EA-4BA4-B1EB-491F254FAAC7}.AppStore|iPhone.ActiveCfg = Debug|Any CPU
		{4A37E970-37EA-4BA4-B1EB-491F254FAAC7}.AppStore|iPhone.Build.0 = Debug|Any CPU
		{4A37E970-37EA-4BA4-B1EB-491F254FAAC7}.AppStore|iPhone.Deploy.0 = Debug|Any CPU
		{4A37E970-37EA-4BA4-B1EB-491F254FAAC7}.AppStore|iPhoneSimulator.ActiveCfg = Debug|Any CPU
		{4A37E970-37EA-4BA4-B1EB-491F254FAAC7}.AppStore|iPhoneSimulator.Build.0 = Debug|Any CPU
		{4A37E970-37EA-4BA4-B1EB-491F254FAAC7}.AppStore|iPhoneSimulator.Deploy.0 = Debug|Any CPU
		{4A37E970-37EA-4BA4-B1EB-491F254FAAC7}.AppStore|x64.ActiveCfg = Debug|Any CPU
		{4A37E970-37EA-4BA4-B1EB-491F254FAAC7}.AppStore|x64.Build.0 = Debug|Any CPU
		{4A37E970-37EA-4BA4-B1EB-491F254FAAC7}.AppStore|x64.Deploy.0 = Debug|Any CPU
		{4A37E970-37EA-4BA4-B1EB-491F254FAAC7}.AppStore|x86.ActiveCfg = Debug|Any CPU
		{4A37E970-37EA-4BA4-B1EB-491F254FAAC7}.AppStore|x86.Build.0 = Debug|Any CPU
		{4A37E970-37EA-4BA4-B1EB-491F254FAAC7}.AppStore|x86.Deploy.0 = Debug|Any CPU
		{4A37E970-37EA-4BA4-B1EB-491F254FAAC7}.Debug|Any CPU.ActiveCfg = Debug|Any CPU
		{4A37E970-37EA-4BA4-B1EB-491F254FAAC7}.Debug|Any CPU.Build.0 = Debug|Any CPU
		{4A37E970-37EA-4BA4-B1EB-491F254FAAC7}.Debug|Any CPU.Deploy.0 = Debug|Any CPU
		{4A37E970-37EA-4BA4-B1EB-491F254FAAC7}.Debug|ARM.ActiveCfg = Debug|Any CPU
		{4A37E970-37EA-4BA4-B1EB-491F254FAAC7}.Debug|ARM.Build.0 = Debug|Any CPU
		{4A37E970-37EA-4BA4-B1EB-491F254FAAC7}.Debug|ARM.Deploy.0 = Debug|Any CPU
		{4A37E970-37EA-4BA4-B1EB-491F254FAAC7}.Debug|iPhone.ActiveCfg = Debug|Any CPU
		{4A37E970-37EA-4BA4-B1EB-491F254FAAC7}.Debug|iPhone.Build.0 = Debug|Any CPU
		{4A37E970-37EA-4BA4-B1EB-491F254FAAC7}.Debug|iPhone.Deploy.0 = Debug|Any CPU
		{4A37E970-37EA-4BA4-B1EB-491F254FAAC7}.Debug|iPhoneSimulator.ActiveCfg = Debug|Any CPU
		{4A37E970-37EA-4BA4-B1EB-491F254FAAC7}.Debug|iPhoneSimulator.Build.0 = Debug|Any CPU
		{4A37E970-37EA-4BA4-B1EB-491F254FAAC7}.Debug|iPhoneSimulator.Deploy.0 = Debug|Any CPU
		{4A37E970-37EA-4BA4-B1EB-491F254FAAC7}.Debug|x64.ActiveCfg = Debug|Any CPU
		{4A37E970-37EA-4BA4-B1EB-491F254FAAC7}.Debug|x64.Build.0 = Debug|Any CPU
		{4A37E970-37EA-4BA4-B1EB-491F254FAAC7}.Debug|x64.Deploy.0 = Debug|Any CPU
		{4A37E970-37EA-4BA4-B1EB-491F254FAAC7}.Debug|x86.ActiveCfg = Debug|Any CPU
		{4A37E970-37EA-4BA4-B1EB-491F254FAAC7}.Debug|x86.Build.0 = Debug|Any CPU
		{4A37E970-37EA-4BA4-B1EB-491F254FAAC7}.Debug|x86.Deploy.0 = Debug|Any CPU
		{4A37E970-37EA-4BA4-B1EB-491F254FAAC7}.Release|Any CPU.ActiveCfg = Release|Any CPU
		{4A37E970-37EA-4BA4-B1EB-491F254FAAC7}.Release|Any CPU.Build.0 = Release|Any CPU
		{4A37E970-37EA-4BA4-B1EB-491F254FAAC7}.Release|Any CPU.Deploy.0 = Release|Any CPU
		{4A37E970-37EA-4BA4-B1EB-491F254FAAC7}.Release|ARM.ActiveCfg = Release|Any CPU
		{4A37E970-37EA-4BA4-B1EB-491F254FAAC7}.Release|ARM.Build.0 = Release|Any CPU
		{4A37E970-37EA-4BA4-B1EB-491F254FAAC7}.Release|ARM.Deploy.0 = Release|Any CPU
		{4A37E970-37EA-4BA4-B1EB-491F254FAAC7}.Release|iPhone.ActiveCfg = Release|Any CPU
		{4A37E970-37EA-4BA4-B1EB-491F254FAAC7}.Release|iPhone.Build.0 = Release|Any CPU
		{4A37E970-37EA-4BA4-B1EB-491F254FAAC7}.Release|iPhone.Deploy.0 = Release|Any CPU
		{4A37E970-37EA-4BA4-B1EB-491F254FAAC7}.Release|iPhoneSimulator.ActiveCfg = Release|Any CPU
		{4A37E970-37EA-4BA4-B1EB-491F254FAAC7}.Release|iPhoneSimulator.Build.0 = Release|Any CPU
		{4A37E970-37EA-4BA4-B1EB-491F254FAAC7}.Release|iPhoneSimulator.Deploy.0 = Release|Any CPU
		{4A37E970-37EA-4BA4-B1EB-491F254FAAC7}.Release|x64.ActiveCfg = Release|Any CPU
		{4A37E970-37EA-4BA4-B1EB-491F254FAAC7}.Release|x64.Build.0 = Release|Any CPU
		{4A37E970-37EA-4BA4-B1EB-491F254FAAC7}.Release|x64.Deploy.0 = Release|Any CPU
		{4A37E970-37EA-4BA4-B1EB-491F254FAAC7}.Release|x86.ActiveCfg = Release|Any CPU
		{4A37E970-37EA-4BA4-B1EB-491F254FAAC7}.Release|x86.Build.0 = Release|Any CPU
		{4A37E970-37EA-4BA4-B1EB-491F254FAAC7}.Release|x86.Deploy.0 = Release|Any CPU
		{4A37E970-37EA-4BA4-B1EB-491F254FAAC7}.Release-xml|Any CPU.ActiveCfg = Release|Any CPU
		{4A37E970-37EA-4BA4-B1EB-491F254FAAC7}.Release-xml|Any CPU.Build.0 = Release|Any CPU
		{4A37E970-37EA-4BA4-B1EB-491F254FAAC7}.Release-xml|ARM.ActiveCfg = Release|Any CPU
		{4A37E970-37EA-4BA4-B1EB-491F254FAAC7}.Release-xml|ARM.Build.0 = Release|Any CPU
		{4A37E970-37EA-4BA4-B1EB-491F254FAAC7}.Release-xml|iPhone.ActiveCfg = Release|Any CPU
		{4A37E970-37EA-4BA4-B1EB-491F254FAAC7}.Release-xml|iPhone.Build.0 = Release|Any CPU
		{4A37E970-37EA-4BA4-B1EB-491F254FAAC7}.Release-xml|iPhoneSimulator.ActiveCfg = Release|Any CPU
		{4A37E970-37EA-4BA4-B1EB-491F254FAAC7}.Release-xml|iPhoneSimulator.Build.0 = Release|Any CPU
		{4A37E970-37EA-4BA4-B1EB-491F254FAAC7}.Release-xml|x64.ActiveCfg = Release|Any CPU
		{4A37E970-37EA-4BA4-B1EB-491F254FAAC7}.Release-xml|x64.Build.0 = Release|Any CPU
		{4A37E970-37EA-4BA4-B1EB-491F254FAAC7}.Release-xml|x86.ActiveCfg = Release|Any CPU
		{4A37E970-37EA-4BA4-B1EB-491F254FAAC7}.Release-xml|x86.Build.0 = Release|Any CPU
		{FFFA71C1-9028-4AC5-86F4-A3F09C752F47}.Ad-Hoc|Any CPU.ActiveCfg = Release|x86
		{FFFA71C1-9028-4AC5-86F4-A3F09C752F47}.Ad-Hoc|Any CPU.Build.0 = Release|x86
		{FFFA71C1-9028-4AC5-86F4-A3F09C752F47}.Ad-Hoc|Any CPU.Deploy.0 = Release|x86
		{FFFA71C1-9028-4AC5-86F4-A3F09C752F47}.Ad-Hoc|ARM.ActiveCfg = Release|ARM
		{FFFA71C1-9028-4AC5-86F4-A3F09C752F47}.Ad-Hoc|ARM.Build.0 = Release|ARM
		{FFFA71C1-9028-4AC5-86F4-A3F09C752F47}.Ad-Hoc|ARM.Deploy.0 = Release|ARM
		{FFFA71C1-9028-4AC5-86F4-A3F09C752F47}.Ad-Hoc|iPhone.ActiveCfg = Release|x86
		{FFFA71C1-9028-4AC5-86F4-A3F09C752F47}.Ad-Hoc|iPhone.Build.0 = Release|x86
		{FFFA71C1-9028-4AC5-86F4-A3F09C752F47}.Ad-Hoc|iPhone.Deploy.0 = Release|x86
		{FFFA71C1-9028-4AC5-86F4-A3F09C752F47}.Ad-Hoc|iPhoneSimulator.ActiveCfg = Release|x86
		{FFFA71C1-9028-4AC5-86F4-A3F09C752F47}.Ad-Hoc|iPhoneSimulator.Build.0 = Release|x86
		{FFFA71C1-9028-4AC5-86F4-A3F09C752F47}.Ad-Hoc|iPhoneSimulator.Deploy.0 = Release|x86
		{FFFA71C1-9028-4AC5-86F4-A3F09C752F47}.Ad-Hoc|x64.ActiveCfg = Release|x64
		{FFFA71C1-9028-4AC5-86F4-A3F09C752F47}.Ad-Hoc|x64.Build.0 = Release|x64
		{FFFA71C1-9028-4AC5-86F4-A3F09C752F47}.Ad-Hoc|x64.Deploy.0 = Release|x64
		{FFFA71C1-9028-4AC5-86F4-A3F09C752F47}.Ad-Hoc|x86.ActiveCfg = Release|x86
		{FFFA71C1-9028-4AC5-86F4-A3F09C752F47}.Ad-Hoc|x86.Build.0 = Release|x86
		{FFFA71C1-9028-4AC5-86F4-A3F09C752F47}.Ad-Hoc|x86.Deploy.0 = Release|x86
		{FFFA71C1-9028-4AC5-86F4-A3F09C752F47}.AppStore|Any CPU.ActiveCfg = Release|x86
		{FFFA71C1-9028-4AC5-86F4-A3F09C752F47}.AppStore|Any CPU.Build.0 = Release|x86
		{FFFA71C1-9028-4AC5-86F4-A3F09C752F47}.AppStore|Any CPU.Deploy.0 = Release|x86
		{FFFA71C1-9028-4AC5-86F4-A3F09C752F47}.AppStore|ARM.ActiveCfg = Release|ARM
		{FFFA71C1-9028-4AC5-86F4-A3F09C752F47}.AppStore|ARM.Build.0 = Release|ARM
		{FFFA71C1-9028-4AC5-86F4-A3F09C752F47}.AppStore|ARM.Deploy.0 = Release|ARM
		{FFFA71C1-9028-4AC5-86F4-A3F09C752F47}.AppStore|iPhone.ActiveCfg = Release|x86
		{FFFA71C1-9028-4AC5-86F4-A3F09C752F47}.AppStore|iPhone.Build.0 = Release|x86
		{FFFA71C1-9028-4AC5-86F4-A3F09C752F47}.AppStore|iPhone.Deploy.0 = Release|x86
		{FFFA71C1-9028-4AC5-86F4-A3F09C752F47}.AppStore|iPhoneSimulator.ActiveCfg = Release|x86
		{FFFA71C1-9028-4AC5-86F4-A3F09C752F47}.AppStore|iPhoneSimulator.Build.0 = Release|x86
		{FFFA71C1-9028-4AC5-86F4-A3F09C752F47}.AppStore|iPhoneSimulator.Deploy.0 = Release|x86
		{FFFA71C1-9028-4AC5-86F4-A3F09C752F47}.AppStore|x64.ActiveCfg = Release|x64
		{FFFA71C1-9028-4AC5-86F4-A3F09C752F47}.AppStore|x64.Build.0 = Release|x64
		{FFFA71C1-9028-4AC5-86F4-A3F09C752F47}.AppStore|x64.Deploy.0 = Release|x64
		{FFFA71C1-9028-4AC5-86F4-A3F09C752F47}.AppStore|x86.ActiveCfg = Release|x86
		{FFFA71C1-9028-4AC5-86F4-A3F09C752F47}.AppStore|x86.Build.0 = Release|x86
		{FFFA71C1-9028-4AC5-86F4-A3F09C752F47}.AppStore|x86.Deploy.0 = Release|x86
		{FFFA71C1-9028-4AC5-86F4-A3F09C752F47}.Debug|Any CPU.ActiveCfg = Debug|x86
		{FFFA71C1-9028-4AC5-86F4-A3F09C752F47}.Debug|ARM.ActiveCfg = Debug|ARM
		{FFFA71C1-9028-4AC5-86F4-A3F09C752F47}.Debug|ARM.Build.0 = Debug|ARM
		{FFFA71C1-9028-4AC5-86F4-A3F09C752F47}.Debug|ARM.Deploy.0 = Debug|ARM
		{FFFA71C1-9028-4AC5-86F4-A3F09C752F47}.Debug|iPhone.ActiveCfg = Debug|x86
		{FFFA71C1-9028-4AC5-86F4-A3F09C752F47}.Debug|iPhoneSimulator.ActiveCfg = Debug|x86
		{FFFA71C1-9028-4AC5-86F4-A3F09C752F47}.Debug|x64.ActiveCfg = Debug|x64
		{FFFA71C1-9028-4AC5-86F4-A3F09C752F47}.Debug|x64.Build.0 = Debug|x64
		{FFFA71C1-9028-4AC5-86F4-A3F09C752F47}.Debug|x64.Deploy.0 = Debug|x64
		{FFFA71C1-9028-4AC5-86F4-A3F09C752F47}.Debug|x86.ActiveCfg = Debug|x86
		{FFFA71C1-9028-4AC5-86F4-A3F09C752F47}.Debug|x86.Build.0 = Debug|x86
		{FFFA71C1-9028-4AC5-86F4-A3F09C752F47}.Debug|x86.Deploy.0 = Debug|x86
		{FFFA71C1-9028-4AC5-86F4-A3F09C752F47}.Release|Any CPU.ActiveCfg = Release|x86
		{FFFA71C1-9028-4AC5-86F4-A3F09C752F47}.Release|ARM.ActiveCfg = Release|ARM
		{FFFA71C1-9028-4AC5-86F4-A3F09C752F47}.Release|ARM.Build.0 = Release|ARM
		{FFFA71C1-9028-4AC5-86F4-A3F09C752F47}.Release|ARM.Deploy.0 = Release|ARM
		{FFFA71C1-9028-4AC5-86F4-A3F09C752F47}.Release|iPhone.ActiveCfg = Release|x86
		{FFFA71C1-9028-4AC5-86F4-A3F09C752F47}.Release|iPhoneSimulator.ActiveCfg = Release|x86
		{FFFA71C1-9028-4AC5-86F4-A3F09C752F47}.Release|x64.ActiveCfg = Release|x64
		{FFFA71C1-9028-4AC5-86F4-A3F09C752F47}.Release|x64.Build.0 = Release|x64
		{FFFA71C1-9028-4AC5-86F4-A3F09C752F47}.Release|x64.Deploy.0 = Release|x64
		{FFFA71C1-9028-4AC5-86F4-A3F09C752F47}.Release|x86.ActiveCfg = Release|x86
		{FFFA71C1-9028-4AC5-86F4-A3F09C752F47}.Release|x86.Build.0 = Release|x86
		{FFFA71C1-9028-4AC5-86F4-A3F09C752F47}.Release|x86.Deploy.0 = Release|x86
		{FFFA71C1-9028-4AC5-86F4-A3F09C752F47}.Release-xml|Any CPU.ActiveCfg = Debug|x64
		{FFFA71C1-9028-4AC5-86F4-A3F09C752F47}.Release-xml|Any CPU.Build.0 = Debug|x64
		{FFFA71C1-9028-4AC5-86F4-A3F09C752F47}.Release-xml|Any CPU.Deploy.0 = Debug|x64
		{FFFA71C1-9028-4AC5-86F4-A3F09C752F47}.Release-xml|ARM.ActiveCfg = Release|ARM
		{FFFA71C1-9028-4AC5-86F4-A3F09C752F47}.Release-xml|ARM.Build.0 = Release|ARM
		{FFFA71C1-9028-4AC5-86F4-A3F09C752F47}.Release-xml|ARM.Deploy.0 = Release|ARM
		{FFFA71C1-9028-4AC5-86F4-A3F09C752F47}.Release-xml|iPhone.ActiveCfg = Debug|x64
		{FFFA71C1-9028-4AC5-86F4-A3F09C752F47}.Release-xml|iPhone.Build.0 = Debug|x64
		{FFFA71C1-9028-4AC5-86F4-A3F09C752F47}.Release-xml|iPhone.Deploy.0 = Debug|x64
		{FFFA71C1-9028-4AC5-86F4-A3F09C752F47}.Release-xml|iPhoneSimulator.ActiveCfg = Debug|x64
		{FFFA71C1-9028-4AC5-86F4-A3F09C752F47}.Release-xml|iPhoneSimulator.Build.0 = Debug|x64
		{FFFA71C1-9028-4AC5-86F4-A3F09C752F47}.Release-xml|iPhoneSimulator.Deploy.0 = Debug|x64
		{FFFA71C1-9028-4AC5-86F4-A3F09C752F47}.Release-xml|x64.ActiveCfg = Release|x64
		{FFFA71C1-9028-4AC5-86F4-A3F09C752F47}.Release-xml|x64.Build.0 = Release|x64
		{FFFA71C1-9028-4AC5-86F4-A3F09C752F47}.Release-xml|x64.Deploy.0 = Release|x64
		{FFFA71C1-9028-4AC5-86F4-A3F09C752F47}.Release-xml|x86.ActiveCfg = Release|x86
		{FFFA71C1-9028-4AC5-86F4-A3F09C752F47}.Release-xml|x86.Build.0 = Release|x86
		{FFFA71C1-9028-4AC5-86F4-A3F09C752F47}.Release-xml|x86.Deploy.0 = Release|x86
	EndGlobalSection
	GlobalSection(SolutionProperties) = preSolution
		HideSolutionNode = FALSE
	EndGlobalSection
	GlobalSection(ExtensibilityGlobals) = postSolution
		SolutionGuid = {5124D4BA-B181-47DC-AF01-DFD8D8873BB5}
	EndGlobalSection
EndGlobal
